# This file is automatically generated by vipm.
# It is not intended for manual editing.

version = 2
revision = 0
updated-at = "2026-06-27T04:47:58.671988400Z"
requires-labview = "2026"

[[vipm.repo]]
name = "NI LabVIEW Tools Network"
uri = "http://download.ni.com/evaluation/labview/lvtn/vipm"

[[vipm.repo]]
name = "VIPM Community"
uri = "http://www.jkisoft.com/packages"

[[package]]
name = "astemes_lib_lunit"
version = "2.0.13.6"
manager = "vipm"
group = "dev"
resolution-source = "repo"

[[package.source]]
repo = "VIPM Community"
checksum = "sha256:8c747d9fd57ef7fb21d3e3d9c3a59fed3d201843ef7d19daac54e3f564908d46"

[[package]]
name = "astemes_lib_lunit_parameterized_add_on"
version = "1.1.10.8"
manager = "vipm"
dependencies = ["astemes_lib_lunit"]
group = "dev"
resolution-source = "repo"

[[package.source]]
repo = "VIPM Community"
checksum = "sha256:1a573db8f543946a591478185fd6f3e921203a8e71ba93e44b44b58de623b8c0"

[[package]]
name = "felipefoz_lib_lv_rainbow_terminal"
version = "1.1.1.5"
manager = "vipm"
group = "dev"
resolution-source = "repo"

[[package.source]]
repo = "VIPM Community"
checksum = "sha256:a56363c8bd400197bc49902bca76095e2e60715989dd38818c4758d38a23bfd9"

[[package]]
name = "jdp_science_jsontext"
version = "1.9.1.125"
manager = "vipm"
dependencies = ["jdp_science_lib_common_utilities"]
resolution-source = "repo"

[[package.source]]
repo = "NI LabVIEW Tools Network"
checksum = "sha256:d80914ad44992a5bf2d895439ce87a948475e492a9652a878ed691d541ddb082"

[[package]]
name = "jdp_science_lib_common_utilities"
version = "1.4.2.19"
manager = "vipm"
resolution-source = "repo"

[[package.source]]
repo = "NI LabVIEW Tools Network"
checksum = "sha256:f3bfe18f75fd5485c398a41e4328c75eadab267666af69f3f99ea17dd3b7a49a"

[[package]]
name = "jdp_science_lib_common_utilities"
version = "1.4.2.19"
manager = "vipm"
group = "dev"
resolution-source = "repo"

[[package.source]]
repo = "NI LabVIEW Tools Network"
checksum = "sha256:f3bfe18f75fd5485c398a41e4328c75eadab267666af69f3f99ea17dd3b7a49a"

[[package]]
name = "jki_lib_caraya"
version = "1.4.4.148"
manager = "vipm"
dependencies = [
    "jki_lib_state_machine",
    "jki_rsc_toolkits_palette",
    "labview_open_source_lib_epoch_datetime",
    "oglib_array",
    "oglib_error",
    "oglib_file",
    "oglib_lvdata",
    "oglib_string",
]
group = "dev"
resolution-source = "repo"

[[package.source]]
repo = "VIPM Community"
checksum = "sha256:eb861e25b23f3f3150f50cef8d7737a26d3acfc4af94538b27c72e88c8ea064f"

[[package]]
name = "jki_lib_state_machine"
version = "2024.0.3.23"
manager = "vipm"
dependencies = ["jki_rsc_toolkits_palette"]
group = "dev"
resolution-source = "repo"

[[package.source]]
repo = "VIPM Community"
checksum = "sha256:b477f7e8efe99771ab6d74279bc353b652ff0fc7b314640b9553d5077b7d7287"

[[package]]
name = "jki_rsc_toolkits_palette"
version = "1.1-1"
manager = "vipm"
group = "dev"
resolution-source = "repo"

[[package.source]]
repo = "VIPM Community"
checksum = "sha256:20355c81a66e335fb8cfbdf8a725ede43ba1b0364393954e19efa06e20e5a234"

[[package]]
name = "labview_open_source_lib_epoch_datetime"
version = "1.3.0.8"
manager = "vipm"
dependencies = ["labview_open_source_project_lib_labview_open_source_palette"]
group = "dev"
resolution-source = "repo"

[[package.source]]
repo = "VIPM Community"
checksum = "sha256:a15eb7abb6be7181aa2b4cb269ca38c20910bec5e4dd9450e9c4a1de1e7453bd"

[[package]]
name = "labview_open_source_project_lib_labview_open_source_palette"
version = "1.0.2.7"
manager = "vipm"
group = "dev"
resolution-source = "repo"

[[package.source]]
repo = "VIPM Community"
checksum = "sha256:28208117c45aef011eafc58f5fa99b09d0b1b15ea673d3928a9625f8eca3c491"

[[package]]
name = "labview_open_source_project_lib_openuri"
version = "1.4.0.13"
manager = "vipm"
dependencies = ["labview_open_source_project_lib_labview_open_source_palette"]
group = "dev"
resolution-source = "repo"

[[package.source]]
repo = "VIPM Community"
checksum = "sha256:6fb1e98f6bca0cdde480dce57f1e688b727f6484738aaa4fb4564213f495e567"

[[package]]
name = "lvos_lib_caraya_cli_extension"
version = "2.0.0.7"
manager = "vipm"
dependencies = [
    "jki_lib_caraya",
    "jki_lib_state_machine",
    "jki_rsc_toolkits_palette",
    "labview_open_source_project_lib_openuri",
    "wiresmith_technology_lib_g_cli",
]
group = "dev"
resolution-source = "repo"

[[package.source]]
repo = "VIPM Community"
checksum = "sha256:ed94d029a65db0cd00c83401044246670c72289cdc2ff11c9bd05d913f45b840"

[[package]]
name = "oglib_array"
version = "6.0.1.20"
manager = "vipm"
group = "dev"
resolution-source = "repo"

[[package.source]]
repo = "VIPM Community"
checksum = "sha256:c80e5d1cd70d694f8e61d094d57f0c2c69571cb2261c2ff54bd9605d82b96faa"

[[package]]
name = "oglib_error"
version = "6.0.0.26"
manager = "vipm"
group = "dev"
resolution-source = "repo"

[[package.source]]
repo = "VIPM Community"
checksum = "sha256:c1113e5b098edc910dd1339c75f749a95908ba08de4aa77602dade66f58abb36"

[[package]]
name = "oglib_file"
version = "6.0.2.28"
manager = "vipm"
dependencies = [
    "oglib_array",
    "oglib_error",
]
group = "dev"
resolution-source = "repo"

[[package.source]]
repo = "VIPM Community"
checksum = "sha256:03ad175f7819647ebe81cd4f58a2f16f176c5e3c95e1f04b234fc5194665bf3b"

[[package]]
name = "oglib_lvdata"
version = "6.0.0.45"
manager = "vipm"
dependencies = ["oglib_error"]
group = "dev"
resolution-source = "repo"

[[package.source]]
repo = "VIPM Community"
checksum = "sha256:8c57dfefc6b983af63ff6eb5b76bb44e32758acd3a9dc101b5888056eece3519"

[[package]]
name = "oglib_string"
version = "6.0.2.35"
manager = "vipm"
dependencies = [
    "oglib_error",
    "oglib_lvdata",
]
group = "dev"
resolution-source = "repo"

[[package.source]]
repo = "VIPM Community"
checksum = "sha256:564759583a13d16726764ccec4b0bdf0b7f6150896d5ed3f9dadd3fce428d4ee"

[[package]]
name = "pnr_lib_jsontext_object_serialization"
version = "1.0.4.25"
manager = "vipm"
dependencies = [
    "jdp_science_jsontext",
    "jdp_science_lib_common_utilities",
    "pnr_lib_labview_composition",
]
resolution-source = "repo"

[[package.source]]
repo = "VIPM Community"
checksum = "sha256:128fcd97a77ae8fbede8206b5843847f6ad9d7a41540e5020a38e9acb4c7e7f5"

[[package]]
name = "pnr_lib_labview_composition"
version = "1.4.1.33"
manager = "vipm"
resolution-source = "repo"

[[package.source]]
repo = "VIPM Community"
checksum = "md5:3104d04ec546841a7e099d1f3e16f404"

[[package]]
name = "sas_workshops_lib_clearlvcache_for_g_cli"
version = "1.0.3.58"
manager = "vipm"
dependencies = ["wiresmith_technology_lib_g_cli"]
group = "dev"
resolution-source = "repo"

[[package.source]]
repo = "VIPM Community"
checksum = "sha256:950692f86f6f21ba1f7951cb25a6a966e9350df91d7c0ad456ff04dca0a800e8"

[[package]]
name = "sas_workshops_lib_lunit_for_g_cli"
version = "1.2.1.85"
manager = "vipm"
dependencies = [
    "astemes_lib_lunit",
    "felipefoz_lib_lv_rainbow_terminal",
    "wiresmith_technology_lib_g_cli",
]
group = "dev"
resolution-source = "repo"

[[package.source]]
repo = "VIPM Community"
checksum = "sha256:a1dc06951be78447820364a9b6eaf4dc2ffb8a12858a5e02133691ac6a64a48f"

[[package]]
name = "wiresmith_technology_lib_g_cli"
version = "3.0.1.98"
manager = "vipm"
group = "dev"
resolution-source = "repo"

[[package.source]]
repo = "VIPM Community"
checksum = "sha256:89c77ac86efb6d88bbc4c02658f76ddc23bbedc194cdbaae837771192503991b"
